# This file was autogenerated by Stack.
# You should not edit this file by hand.
# For more information, please see the documentation at:
#   https://docs.haskellstack.org/en/stable/lock_files

packages:
- completed:
    hackage: GLUtil-0.10.3@sha256:6b3eb89a15f0363647bc4112e007868440b1555e11bf3219e0e1ea884416e5e1,2523
    pantry-tree:
      size: 1618
      sha256: 2d4bf556e63330bba69e03323a7503dee11f26af48f1236cd817d8b7b1b78d64
  original:
    hackage: GLUtil-0.10.3
snapshots:
- completed:
    size: 524164
    url: https://raw.githubusercontent.com/commercialhaskell/stackage-snapshots/master/lts/14/22.yaml
    sha256: 7ad8f33179b32d204165a3a662c6269464a47a7e65a30abc38d01b5a38ec42c0
  original: lts-14.22
